
Microsoft Visual Studio Solution File, Format Version 11.00
# Visual Studio 2010
Project("{FAE04EC0-301F-11D3-BF4B-00C04F79EFBC}") = "Erecterra", "Erecterra\Erecterra\Erecterra.csproj", "{A87FD522-68C1-4CC7-8FAF-A190335B602A}"
EndProject
Project("{FAE04EC0-301F-11D3-BF4B-00C04F79EFBC}") = "ErecterraContent", "Erecterra\ErecterraContent\ErecterraContent.contentproj", "{F40C7506-F67B-44C1-8DEF-872CCF95FAEA}"
EndProject
Project("{FAE04EC0-301F-11D3-BF4B-00C04F79EFBC}") = "Utilites", "Utilites\Utilites.csproj", "{ABAC6AAA-2A70-4B30-8A93-60EB8CFF8658}"
EndProject
Project("{FAE04EC0-301F-11D3-BF4B-00C04F79EFBC}") = "ErecterraData", "ErecterraData\ErecterraData.csproj", "{CD4C0696-EBA5-44F2-9D9D-E6E4DBF81BAF}"
EndProject
Global
	GlobalSection(SolutionConfigurationPlatforms) = preSolution
		Debug|Any CPU = Debug|Any CPU
		Debug|Mixed Platforms = Debug|Mixed Platforms
		Debug|x86 = Debug|x86
		Release|Any CPU = Release|Any CPU
		Release|Mixed Platforms = Release|Mixed Platforms
		Release|x86 = Release|x86
	EndGlobalSection
	GlobalSection(ProjectConfigurationPlatforms) = postSolution
		{A87FD522-68C1-4CC7-8FAF-A190335B602A}.Debug|Any CPU.ActiveCfg = Debug|x86
		{A87FD522-68C1-4CC7-8FAF-A190335B602A}.Debug|Mixed Platforms.ActiveCfg = Debug|x86
		{A87FD522-68C1-4CC7-8FAF-A190335B602A}.Debug|Mixed Platforms.Build.0 = Debug|x86
		{A87FD522-68C1-4CC7-8FAF-A190335B602A}.Debug|x86.ActiveCfg = Debug|x86
		{A87FD522-68C1-4CC7-8FAF-A190335B602A}.Debug|x86.Build.0 = Debug|x86
		{A87FD522-68C1-4CC7-8FAF-A190335B602A}.Release|Any CPU.ActiveCfg = Release|x86
		{A87FD522-68C1-4CC7-8FAF-A190335B602A}.Release|Mixed Platforms.ActiveCfg = Release|x86
		{A87FD522-68C1-4CC7-8FAF-A190335B602A}.Release|Mixed Platforms.Build.0 = Release|x86
		{A87FD522-68C1-4CC7-8FAF-A190335B602A}.Release|x86.ActiveCfg = Release|x86
		{A87FD522-68C1-4CC7-8FAF-A190335B602A}.Release|x86.Build.0 = Release|x86
		{F40C7506-F67B-44C1-8DEF-872CCF95FAEA}.Debug|Any CPU.ActiveCfg = Debug|x86
		{F40C7506-F67B-44C1-8DEF-872CCF95FAEA}.Debug|Mixed Platforms.ActiveCfg = Debug|x86
		{F40C7506-F67B-44C1-8DEF-872CCF95FAEA}.Debug|Mixed Platforms.Build.0 = Debug|x86
		{F40C7506-F67B-44C1-8DEF-872CCF95FAEA}.Debug|x86.ActiveCfg = Debug|x86
		{F40C7506-F67B-44C1-8DEF-872CCF95FAEA}.Release|Any CPU.ActiveCfg = Release|x86
		{F40C7506-F67B-44C1-8DEF-872CCF95FAEA}.Release|Mixed Platforms.ActiveCfg = Release|x86
		{F40C7506-F67B-44C1-8DEF-872CCF95FAEA}.Release|x86.ActiveCfg = Release|x86
		{ABAC6AAA-2A70-4B30-8A93-60EB8CFF8658}.Debug|Any CPU.ActiveCfg = Debug|Any CPU
		{ABAC6AAA-2A70-4B30-8A93-60EB8CFF8658}.Debug|Any CPU.Build.0 = Debug|Any CPU
		{ABAC6AAA-2A70-4B30-8A93-60EB8CFF8658}.Debug|Mixed Platforms.ActiveCfg = Debug|Any CPU
		{ABAC6AAA-2A70-4B30-8A93-60EB8CFF8658}.Debug|Mixed Platforms.Build.0 = Debug|Any CPU
		{ABAC6AAA-2A70-4B30-8A93-60EB8CFF8658}.Debug|x86.ActiveCfg = Debug|Any CPU
		{ABAC6AAA-2A70-4B30-8A93-60EB8CFF8658}.Release|Any CPU.ActiveCfg = Release|Any CPU
		{ABAC6AAA-2A70-4B30-8A93-60EB8CFF8658}.Release|Any CPU.Build.0 = Release|Any CPU
		{ABAC6AAA-2A70-4B30-8A93-60EB8CFF8658}.Release|Mixed Platforms.ActiveCfg = Release|Any CPU
		{ABAC6AAA-2A70-4B30-8A93-60EB8CFF8658}.Release|Mixed Platforms.Build.0 = Release|Any CPU
		{ABAC6AAA-2A70-4B30-8A93-60EB8CFF8658}.Release|x86.ActiveCfg = Release|Any CPU
		{CD4C0696-EBA5-44F2-9D9D-E6E4DBF81BAF}.Debug|Any CPU.ActiveCfg = Debug|Any CPU
		{CD4C0696-EBA5-44F2-9D9D-E6E4DBF81BAF}.Debug|Any CPU.Build.0 = Debug|Any CPU
		{CD4C0696-EBA5-44F2-9D9D-E6E4DBF81BAF}.Debug|Mixed Platforms.ActiveCfg = Debug|Any CPU
		{CD4C0696-EBA5-44F2-9D9D-E6E4DBF81BAF}.Debug|Mixed Platforms.Build.0 = Debug|Any CPU
		{CD4C0696-EBA5-44F2-9D9D-E6E4DBF81BAF}.Debug|x86.ActiveCfg = Debug|Any CPU
		{CD4C0696-EBA5-44F2-9D9D-E6E4DBF81BAF}.Release|Any CPU.ActiveCfg = Release|Any CPU
		{CD4C0696-EBA5-44F2-9D9D-E6E4DBF81BAF}.Release|Any CPU.Build.0 = Release|Any CPU
		{CD4C0696-EBA5-44F2-9D9D-E6E4DBF81BAF}.Release|Mixed Platforms.ActiveCfg = Release|Any CPU
		{CD4C0696-EBA5-44F2-9D9D-E6E4DBF81BAF}.Release|Mixed Platforms.Build.0 = Release|Any CPU
		{CD4C0696-EBA5-44F2-9D9D-E6E4DBF81BAF}.Release|x86.ActiveCfg = Release|Any CPU
	EndGlobalSection
	GlobalSection(SolutionProperties) = preSolution
		HideSolutionNode = FALSE
	EndGlobalSection
EndGlobal
